
Microsoft Visual Studio Solution File, Format Version 12.00
# Visual Studio 14
VisualStudioVersion = 14.0.25420.1
MinimumVisualStudioVersion = 10.0.40219.1
Project("{FAE04EC0-301F-11D3-BF4B-00C04F79EFBC}") = "HelloWorld", "HelloWorld\HelloWorld.csproj", "{F9DA7C02-02CA-46E2-AFE0-940499B5D552}"
EndProject
Project("{FAE04EC0-301F-11D3-BF4B-00C04F79EFBC}") = "StudentInfoSystem", "StudentInfoSystem\StudentInfoSystem.csproj", "{9362F195-BBB8-4DA7-9629-EE9DEA5140C7}"
EndProject
Global
	GlobalSection(SolutionConfigurationPlatforms) = preSolution
		Debug|Any CPU = Debug|Any CPU
		Release|Any CPU = Release|Any CPU
	EndGlobalSection
	GlobalSection(ProjectConfigurationPlatforms) = postSolution
		{F9DA7C02-02CA-46E2-AFE0-940499B5D552}.Debug|Any CPU.ActiveCfg = Debug|Any CPU
		{F9DA7C02-02CA-46E2-AFE0-940499B5D552}.Debug|Any CPU.Build.0 = Debug|Any CPU
		{F9DA7C02-02CA-46E2-AFE0-940499B5D552}.Release|Any CPU.ActiveCfg = Release|Any CPU
		{F9DA7C02-02CA-46E2-AFE0-940499B5D552}.Release|Any CPU.Build.0 = Release|Any CPU
		{9362F195-BBB8-4DA7-9629-EE9DEA5140C7}.Debug|Any CPU.ActiveCfg = Debug|Any CPU
		{9362F195-BBB8-4DA7-9629-EE9DEA5140C7}.Debug|Any CPU.Build.0 = Debug|Any CPU
		{9362F195-BBB8-4DA7-9629-EE9DEA5140C7}.Release|Any CPU.ActiveCfg = Release|Any CPU
		{9362F195-BBB8-4DA7-9629-EE9DEA5140C7}.Release|Any CPU.Build.0 = Release|Any CPU
	EndGlobalSection
	GlobalSection(SolutionProperties) = preSolution
		HideSolutionNode = FALSE
	EndGlobalSection
EndGlobal
